// !$*UTF8*$!
{
	archiveVersion = 1;
	classes = {
	};
	objectVersion = 46;
	objects = {

/* Begin PBXBuildFile section */
		1D3623260D0F684500981E51 /* BarcodesAppDelegate.m in Sources */ = {isa = PBXBuildFile; fileRef = 1D3623250D0F684500981E51 /* BarcodesAppDelegate.m */; };
		1D60589B0D05DD56006BFB54 /* main.mm in Sources */ = {isa = PBXBuildFile; fileRef = 29B97316FDCFA39411CA2CEA /* main.mm */; };
		1D60589F0D05DD5A006BFB54 /* Foundation.framework in Frameworks */ = {isa = PBXBuildFile; fileRef = 1D30AB110D05D00D00671497 /* Foundation.framework */; };
		1DF5F4E00D08C38300B7A737 /* UIKit.framework in Frameworks */ = {isa = PBXBuildFile; fileRef = 1DF5F4DF0D08C38300B7A737 /* UIKit.framework */; };
		1F91E0BF1292BAC9003A0BFD /* Default@2x.png in Resources */ = {isa = PBXBuildFile; fileRef = 1F91E0BE1292BAC9003A0BFD /* Default@2x.png */; };
		1F91E0C11292BAD5003A0BFD /* LatestResultBackground.png in Resources */ = {isa = PBXBuildFile; fileRef = 1F91E0C01292BAD5003A0BFD /* LatestResultBackground.png */; };
		1F91E0D71292CA8C003A0BFD /* LatestResultBackground@2x.png in Resources */ = {isa = PBXBuildFile; fileRef = 1F91E0D61292CA8C003A0BFD /* LatestResultBackground@2x.png */; };
		1F91E0E31292D1DC003A0BFD /* clickHere.png in Resources */ = {isa = PBXBuildFile; fileRef = 1F91E0E21292D1DC003A0BFD /* clickHere.png */; };
		1F91E1081292E397003A0BFD /* ZxingLarge@2x.png in Resources */ = {isa = PBXBuildFile; fileRef = 1F91E1071292E397003A0BFD /* ZxingLarge@2x.png */; };
		1FB4301D128FFDCF002D63E8 /* libZXingWidget.a in Frameworks */ = {isa = PBXBuildFile; fileRef = 1FB4301C128FFDCD002D63E8 /* libZXingWidget.a */; };
		1FB43030128FFF56002D63E8 /* icon.png in Resources */ = {isa = PBXBuildFile; fileRef = 1FB4302E128FFF56002D63E8 /* icon.png */; };
		1FB43031128FFF56002D63E8 /* icon@2x.png in Resources */ = {isa = PBXBuildFile; fileRef = 1FB4302F128FFF56002D63E8 /* icon@2x.png */; };
		1FB430371290002C002D63E8 /* ZXMainViewController.mm in Sources */ = {isa = PBXBuildFile; fileRef = 1FB430351290002C002D63E8 /* ZXMainViewController.mm */; };
		1FB4303B129000B4002D63E8 /* ZxingLarge.png in Resources */ = {isa = PBXBuildFile; fileRef = 1FB4303A129000B4002D63E8 /* ZxingLarge.png */; };
		1FB43083129006DC002D63E8 /* AudioToolbox.framework in Frameworks */ = {isa = PBXBuildFile; fileRef = 1FB43082129006DC002D63E8 /* AudioToolbox.framework */; };
		1FB43087129006E6002D63E8 /* libiconv.dylib in Frameworks */ = {isa = PBXBuildFile; fileRef = 1FB43086129006E6002D63E8 /* libiconv.dylib */; };
		1FB430AE12900742002D63E8 /* beep-beep.aiff in Resources */ = {isa = PBXBuildFile; fileRef = 1FB430AD12900742002D63E8 /* beep-beep.aiff */; };
		1FB430F612900879002D63E8 /* AVFoundation.framework in Frameworks */ = {isa = PBXBuildFile; fileRef = 1FB430F512900879002D63E8 /* AVFoundation.framework */; };
		1FB430FC129008A2002D63E8 /* CoreVideo.framework in Frameworks */ = {isa = PBXBuildFile; fileRef = 1FB430FB129008A2002D63E8 /* CoreVideo.framework */; };
		1FB43100129008B9002D63E8 /* CoreMedia.framework in Frameworks */ = {isa = PBXBuildFile; fileRef = 1FB430FF129008B9002D63E8 /* CoreMedia.framework */; };
		1FB431AB12901D7D002D63E8 /* AddressBook.framework in Frameworks */ = {isa = PBXBuildFile; fileRef = 1FB431AA12901D7D002D63E8 /* AddressBook.framework */; };
		1FB431B112901D8C002D63E8 /* AddressBookUI.framework in Frameworks */ = {isa = PBXBuildFile; fileRef = 1FB431B012901D8C002D63E8 /* AddressBookUI.framework */; };
		1FB432831290295C002D63E8 /* About.html in Resources */ = {isa = PBXBuildFile; fileRef = 1FB432751290295C002D63E8 /* About.html */; };
		1FB432841290295C002D63E8 /* DecoderView.xib in Resources */ = {isa = PBXBuildFile; fileRef = 1FB432771290295C002D63E8 /* DecoderView.xib */; };
		1FB432851290295C002D63E8 /* Hints.html in Resources */ = {isa = PBXBuildFile; fileRef = 1FB432791290295C002D63E8 /* Hints.html */; };
		1FB432861290295C002D63E8 /* InfoPlist.strings in Resources */ = {isa = PBXBuildFile; fileRef = 1FB4327B1290295C002D63E8 /* InfoPlist.strings */; };
		1FB432871290295C002D63E8 /* Localizable.strings in Resources */ = {isa = PBXBuildFile; fileRef = 1FB4327D1290295C002D63E8 /* Localizable.strings */; };
		1FB432881290295C002D63E8 /* MainWindow.xib in Resources */ = {isa = PBXBuildFile; fileRef = 1FB4327F1290295C002D63E8 /* MainWindow.xib */; };
		1FB432891290295C002D63E8 /* Message.xib in Resources */ = {isa = PBXBuildFile; fileRef = 1FB432811290295C002D63E8 /* Message.xib */; };
		1FB4352E12904F56002D63E8 /* MessageViewController.m in Sources */ = {isa = PBXBuildFile; fileRef = 1FB4352D12904F56002D63E8 /* MessageViewController.m */; };
		1FB4365712918DA9002D63E8 /* ArchiveController.m in Sources */ = {isa = PBXBuildFile; fileRef = 1FB4365412918DA9002D63E8 /* ArchiveController.m */; };
		1FB4365812918DA9002D63E8 /* Database.m in Sources */ = {isa = PBXBuildFile; fileRef = 1FB4365612918DA9002D63E8 /* Database.m */; };
		1FB4366512918E90002D63E8 /* business-card.png in Resources */ = {isa = PBXBuildFile; fileRef = 1FB4365A12918E90002D63E8 /* business-card.png */; };
		1FB4366612918E90002D63E8 /* Default.png in Resources */ = {isa = PBXBuildFile; fileRef = 1FB4365B12918E90002D63E8 /* Default.png */; };
		1FB4366712918E90002D63E8 /* email.png in Resources */ = {isa = PBXBuildFile; fileRef = 1FB4365C12918E90002D63E8 /* email.png */; };
		1FB4366812918E90002D63E8 /* filmroll-2.png in Resources */ = {isa = PBXBuildFile; fileRef = 1FB4365D12918E90002D63E8 /* filmroll-2.png */; };
		1FB4366912918E90002D63E8 /* link1.png in Resources */ = {isa = PBXBuildFile; fileRef = 1FB4365E12918E90002D63E8 /* link1.png */; };
		1FB4366A12918E90002D63E8 /* link2.png in Resources */ = {isa = PBXBuildFile; fileRef = 1FB4365F12918E90002D63E8 /* link2.png */; };
		1FB4366B12918E90002D63E8 /* map-pin.png in Resources */ = {isa = PBXBuildFile; fileRef = 1FB4366012918E90002D63E8 /* map-pin.png */; };
		1FB4366C12918E90002D63E8 /* phone.png in Resources */ = {isa = PBXBuildFile; fileRef = 1FB4366112918E90002D63E8 /* phone.png */; };
		1FB4366D12918E90002D63E8 /* photolib.png in Resources */ = {isa = PBXBuildFile; fileRef = 1FB4366212918E90002D63E8 /* photolib.png */; };
		1FB4366E12918E90002D63E8 /* sms.png in Resources */ = {isa = PBXBuildFile; fileRef = 1FB4366312918E90002D63E8 /* sms.png */; };
		1FB4366F12918E90002D63E8 /* text.png in Resources */ = {isa = PBXBuildFile; fileRef = 1FB4366412918E90002D63E8 /* text.png */; };
		1FB4367512918F63002D63E8 /* Scan.m in Sources */ = {isa = PBXBuildFile; fileRef = 1FB4367412918F63002D63E8 /* Scan.m */; };
		1FB4367D12918FAF002D63E8 /* ScanCell.m in Sources */ = {isa = PBXBuildFile; fileRef = 1FB4367C12918FAF002D63E8 /* ScanCell.m */; };
		1FB4369612918FF0002D63E8 /* ScanViewController.m in Sources */ = {isa = PBXBuildFile; fileRef = 1FB4369512918FF0002D63E8 /* ScanViewController.m */; };
		1FB4369A12919014002D63E8 /* libsqlite3.dylib in Frameworks */ = {isa = PBXBuildFile; fileRef = 1FB4369912919014002D63E8 /* libsqlite3.dylib */; };
		1FB436DF129194E7002D63E8 /* scans.db in Resources */ = {isa = PBXBuildFile; fileRef = 1FB436DE129194E7002D63E8 /* scans.db */; };
		1FCC10A912C15F68009040CF /* Scanning.png in Resources */ = {isa = PBXBuildFile; fileRef = 1FCC10A712C15F68009040CF /* Scanning.png */; };
		1FCC10AA12C15F68009040CF /* Scanning@2x.png in Resources */ = {isa = PBXBuildFile; fileRef = 1FCC10A812C15F68009040CF /* Scanning@2x.png */; };
		1FF80D1012A3AE5400FE297C /* ZXMainViewController.xib in Resources */ = {isa = PBXBuildFile; fileRef = 1FF80D0F12A3AE5400FE297C /* ZXMainViewController.xib */; };
		288765FD0DF74451002DB57D /* CoreGraphics.framework in Frameworks */ = {isa = PBXBuildFile; fileRef = 288765FC0DF74451002DB57D /* CoreGraphics.framework */; };
		28AD733F0D9D9553002E5188 /* MainWindow.xib in Resources */ = {isa = PBXBuildFile; fileRef = 28AD733E0D9D9553002E5188 /* MainWindow.xib */; };
/* End PBXBuildFile section */

/* Begin PBXContainerItemProxy section */
		1FB4301B128FFDCD002D63E8 /* PBXContainerItemProxy */ = {
			isa = PBXContainerItemProxy;
			containerPortal = 1FB43017128FFDCD002D63E8 /* ZXingWidget.xcodeproj */;
			proxyType = 2;
			remoteGlobalIDString = D2AAC07E0554694100DB518D;
			remoteInfo = ZXingWidget;
		};
		1FB43025128FFEF9002D63E8 /* PBXContainerItemProxy */ = {
			isa = PBXContainerItemProxy;
			containerPortal = 1FB43017128FFDCD002D63E8 /* ZXingWidget.xcodeproj */;
			proxyType = 1;
			remoteGlobalIDString = D2AAC07D0554694100DB518D;
			remoteInfo = ZXingWidget;
		};
		3BA9170D1444A22D00E067C5 /* PBXContainerItemProxy */ = {
			isa = PBXContainerItemProxy;
			containerPortal = 1FB43017128FFDCD002D63E8 /* ZXingWidget.xcodeproj */;
			proxyType = 2;
			remoteGlobalIDString = 1D60398D13DF7CAD006F4B51;
			remoteInfo = ZXingTests;
		};
/* End PBXContainerItemProxy section */

/* Begin PBXFileReference section */
		1D30AB110D05D00D00671497 /* Foundation.framework */ = {isa = PBXFileReference; lastKnownFileType = wrapper.framework; name = Foundation.framework; path = System/Library/Frameworks/Foundation.framework; sourceTree = SDKROOT; };
		1D3623240D0F684500981E51 /* BarcodesAppDelegate.h */ = {isa = PBXFileReference; fileEncoding = 4; lastKnownFileType = sourcecode.c.h; path = BarcodesAppDelegate.h; sourceTree = "<group>"; };
		1D3623250D0F684500981E51 /* BarcodesAppDelegate.m */ = {isa = PBXFileReference; fileEncoding = 4; lastKnownFileType = sourcecode.c.objc; path = BarcodesAppDelegate.m; sourceTree = "<group>"; };
		1D6058910D05DD3D006BFB54 /* Barcodes.app */ = {isa = PBXFileReference; explicitFileType = wrapper.application; includeInIndex = 0; path = Barcodes.app; sourceTree = BUILT_PRODUCTS_DIR; };
		1DF5F4DF0D08C38300B7A737 /* UIKit.framework */ = {isa = PBXFileReference; lastKnownFileType = wrapper.framework; name = UIKit.framework; path = System/Library/Frameworks/UIKit.framework; sourceTree = SDKROOT; };
		1F91E0BE1292BAC9003A0BFD /* Default@2x.png */ = {isa = PBXFileReference; lastKnownFileType = image.png; name = "Default@2x.png"; path = "images/Default@2x.png"; sourceTree = "<group>"; };
		1F91E0C01292BAD5003A0BFD /* LatestResultBackground.png */ = {isa = PBXFileReference; lastKnownFileType = image.png; name = LatestResultBackground.png; path = images/LatestResultBackground.png; sourceTree = "<group>"; };
		1F91E0D61292CA8C003A0BFD /* LatestResultBackground@2x.png */ = {isa = PBXFileReference; lastKnownFileType = image.png; name = "LatestResultBackground@2x.png"; path = "images/LatestResultBackground@2x.png"; sourceTree = "<group>"; };
		1F91E0E21292D1DC003A0BFD /* clickHere.png */ = {isa = PBXFileReference; lastKnownFileType = image.png; name = clickHere.png; path = images/clickHere.png; sourceTree = "<group>"; };
		1F91E1071292E397003A0BFD /* ZxingLarge@2x.png */ = {isa = PBXFileReference; lastKnownFileType = image.png; name = "ZxingLarge@2x.png"; path = "images/ZxingLarge@2x.png"; sourceTree = "<group>"; };
		1FB43017128FFDCD002D63E8 /* ZXingWidget.xcodeproj */ = {isa = PBXFileReference; lastKnownFileType = "wrapper.pb-project"; name = ZXingWidget.xcodeproj; path = ../ZXingWidget/ZXingWidget.xcodeproj; sourceTree = SOURCE_ROOT; };
		1FB4302E128FFF56002D63E8 /* icon.png */ = {isa = PBXFileReference; lastKnownFileType = image.png; name = icon.png; path = images/icon.png; sourceTree = "<group>"; };
		1FB4302F128FFF56002D63E8 /* icon@2x.png */ = {isa = PBXFileReference; lastKnownFileType = image.png; name = "icon@2x.png"; path = "images/icon@2x.png"; sourceTree = "<group>"; };
		1FB430341290002C002D63E8 /* ZXMainViewController.h */ = {isa = PBXFileReference; fileEncoding = 4; lastKnownFileType = sourcecode.c.h; path = ZXMainViewController.h; sourceTree = "<group>"; };
		1FB430351290002C002D63E8 /* ZXMainViewController.mm */ = {isa = PBXFileReference; fileEncoding = 4; lastKnownFileType = sourcecode.cpp.objcpp; path = ZXMainViewController.mm; sourceTree = "<group>"; };
		1FB4303A129000B4002D63E8 /* ZxingLarge.png */ = {isa = PBXFileReference; lastKnownFileType = image.png; name = ZxingLarge.png; path = images/ZxingLarge.png; sourceTree = "<group>"; };
		1FB43082129006DC002D63E8 /* AudioToolbox.framework */ = {isa = PBXFileReference; lastKnownFileType = wrapper.framework; name = AudioToolbox.framework; path = System/Library/Frameworks/AudioToolbox.framework; sourceTree = SDKROOT; };
		1FB43086129006E6002D63E8 /* libiconv.dylib */ = {isa = PBXFileReference; lastKnownFileType = "compiled.mach-o.dylib"; name = libiconv.dylib; path = usr/lib/libiconv.dylib; sourceTree = SDKROOT; };
		1FB430AD12900742002D63E8 /* beep-beep.aiff */ = {isa = PBXFileReference; lastKnownFileType = audio.aiff; path = "beep-beep.aiff"; sourceTree = "<group>"; };
		1FB430F512900879002D63E8 /* AVFoundation.framework */ = {isa = PBXFileReference; lastKnownFileType = wrapper.framework; name = AVFoundation.framework; path = System/Library/Frameworks/AVFoundation.framework; sourceTree = SDKROOT; };
		1FB430FB129008A2002D63E8 /* CoreVideo.framework */ = {isa = PBXFileReference; lastKnownFileType = wrapper.framework; name = CoreVideo.framework; path = System/Library/Frameworks/CoreVideo.framework; sourceTree = SDKROOT; };
		1FB430FF129008B9002D63E8 /* CoreMedia.framework */ = {isa = PBXFileReference; lastKnownFileType = wrapper.framework; name = CoreMedia.framework; path = System/Library/Frameworks/CoreMedia.framework; sourceTree = SDKROOT; };
		1FB431AA12901D7D002D63E8 /* AddressBook.framework */ = {isa = PBXFileReference; lastKnownFileType = wrapper.framework; name = AddressBook.framework; path = System/Library/Frameworks/AddressBook.framework; sourceTree = SDKROOT; };
		1FB431B012901D8C002D63E8 /* AddressBookUI.framework */ = {isa = PBXFileReference; lastKnownFileType = wrapper.framework; name = AddressBookUI.framework; path = System/Library/Frameworks/AddressBookUI.framework; sourceTree = SDKROOT; };
		1FB432761290295C002D63E8 /* de */ = {isa = PBXFileReference; fileEncoding = 4; lastKnownFileType = text.html; name = de; path = de.lproj/About.html; sourceTree = "<group>"; };
		1FB432781290295C002D63E8 /* de */ = {isa = PBXFileReference; lastKnownFileType = file.xib; name = de; path = de.lproj/DecoderView.xib; sourceTree = "<group>"; };
		1FB4327A1290295C002D63E8 /* de */ = {isa = PBXFileReference; fileEncoding = 4; lastKnownFileType = text.html; name = de; path = de.lproj/Hints.html; sourceTree = "<group>"; };
		1FB4327C1290295C002D63E8 /* de */ = {isa = PBXFileReference; fileEncoding = 4; lastKnownFileType = text.plist.strings; name = de; path = de.lproj/InfoPlist.strings; sourceTree = "<group>"; };
		1FB4327E1290295C002D63E8 /* de */ = {isa = PBXFileReference; fileEncoding = 4; lastKnownFileType = text.plist.strings; name = de; path = de.lproj/Localizable.strings; sourceTree = "<group>"; };
		1FB432801290295C002D63E8 /* de */ = {isa = PBXFileReference; lastKnownFileType = file.xib; name = de; path = de.lproj/MainWindow.xib; sourceTree = "<group>"; };
		1FB432821290295C002D63E8 /* de */ = {isa = PBXFileReference; lastKnownFileType = file.xib; name = de; path = de.lproj/Message.xib; sourceTree = "<group>"; };
		1FB4328A12902968002D63E8 /* en */ = {isa = PBXFileReference; lastKnownFileType = text.html; name = en; path = en.lproj/About.html; sourceTree = "<group>"; };
		1FB4328B12902968002D63E8 /* en */ = {isa = PBXFileReference; lastKnownFileType = file.xib; name = en; path = en.lproj/DecoderView.xib; sourceTree = "<group>"; };
		1FB4328C12902968002D63E8 /* en */ = {isa = PBXFileReference; lastKnownFileType = text.html; name = en; path = en.lproj/Hints.html; sourceTree = "<group>"; };
		1FB4328D12902968002D63E8 /* en */ = {isa = PBXFileReference; lastKnownFileType = text.plist.strings; name = en; path = en.lproj/InfoPlist.strings; sourceTree = "<group>"; };
		1FB4328E12902968002D63E8 /* en */ = {isa = PBXFileReference; lastKnownFileType = text.plist.strings; name = en; path = en.lproj/Localizable.strings; sourceTree = "<group>"; };
		1FB4328F12902968002D63E8 /* en */ = {isa = PBXFileReference; lastKnownFileType = file.xib; name = en; path = en.lproj/MainWindow.xib; sourceTree = "<group>"; };
		1FB4329012902968002D63E8 /* en */ = {isa = PBXFileReference; lastKnownFileType = file.xib; name = en; path = en.lproj/Message.xib; sourceTree = "<group>"; };
		1FB4329112902973002D63E8 /* sv */ = {isa = PBXFileReference; lastKnownFileType = text.html; name = sv; path = sv.lproj/About.html; sourceTree = "<group>"; };
		1FB4329212902973002D63E8 /* sv */ = {isa = PBXFileReference; lastKnownFileType = file.xib; name = sv; path = sv.lproj/DecoderView.xib; sourceTree = "<group>"; };
		1FB4329312902973002D63E8 /* sv */ = {isa = PBXFileReference; lastKnownFileType = text.html; name = sv; path = sv.lproj/Hints.html; sourceTree = "<group>"; };
		1FB4329412902973002D63E8 /* sv */ = {isa = PBXFileReference; lastKnownFileType = text.plist.strings; name = sv; path = sv.lproj/InfoPlist.strings; sourceTree = "<group>"; };
		1FB4329512902973002D63E8 /* sv */ = {isa = PBXFileReference; lastKnownFileType = text.plist.strings; name = sv; path = sv.lproj/Localizable.strings; sourceTree = "<group>"; };
		1FB4329612902973002D63E8 /* sv */ = {isa = PBXFileReference; lastKnownFileType = file.xib; name = sv; path = sv.lproj/MainWindow.xib; sourceTree = "<group>"; };
		1FB4329712902973002D63E8 /* sv */ = {isa = PBXFileReference; lastKnownFileType = file.xib; name = sv; path = sv.lproj/Message.xib; sourceTree = "<group>"; };
		1FB4352C12904F56002D63E8 /* MessageViewController.h */ = {isa = PBXFileReference; fileEncoding = 4; lastKnownFileType = sourcecode.c.h; path = MessageViewController.h; sourceTree = "<group>"; };
		1FB4352D12904F56002D63E8 /* MessageViewController.m */ = {isa = PBXFileReference; fileEncoding = 4; lastKnownFileType = sourcecode.c.objc; path = MessageViewController.m; sourceTree = "<group>"; };
		1FB4365312918DA9002D63E8 /* ArchiveController.h */ = {isa = PBXFileReference; fileEncoding = 4; lastKnownFileType = sourcecode.c.h; path = ArchiveController.h; sourceTree = "<group>"; };
		1FB4365412918DA9002D63E8 /* ArchiveController.m */ = {isa = PBXFileReference; fileEncoding = 4; lastKnownFileType = sourcecode.c.objc; path = ArchiveController.m; sourceTree = "<group>"; };
		1FB4365512918DA9002D63E8 /* Database.h */ = {isa = PBXFileReference; fileEncoding = 4; lastKnownFileType = sourcecode.c.h; path = Database.h; sourceTree = "<group>"; };
		1FB4365612918DA9002D63E8 /* Database.m */ = {isa = PBXFileReference; fileEncoding = 4; lastKnownFileType = sourcecode.c.objc; path = Database.m; sourceTree = "<group>"; };
		1FB4365A12918E90002D63E8 /* business-card.png */ = {isa = PBXFileReference; lastKnownFileType = image.png; name = "business-card.png"; path = "images/business-card.png"; sourceTree = "<group>"; };
		1FB4365B12918E90002D63E8 /* Default.png */ = {isa = PBXFileReference; lastKnownFileType = image.png; name = Default.png; path = images/Default.png; sourceTree = "<group>"; };
		1FB4365C12918E90002D63E8 /* email.png */ = {isa = PBXFileReference; lastKnownFileType = image.png; name = email.png; path = images/email.png; sourceTree = "<group>"; };
		1FB4365D12918E90002D63E8 /* filmroll-2.png */ = {isa = PBXFileReference; lastKnownFileType = image.png; name = "filmroll-2.png"; path = "images/filmroll-2.png"; sourceTree = "<group>"; };
		1FB4365E12918E90002D63E8 /* link1.png */ = {isa = PBXFileReference; lastKnownFileType = image.png; name = link1.png; path = images/link1.png; sourceTree = "<group>"; };
		1FB4365F12918E90002D63E8 /* link2.png */ = {isa = PBXFileReference; lastKnownFileType = image.png; name = link2.png; path = images/link2.png; sourceTree = "<group>"; };
		1FB4366012918E90002D63E8 /* map-pin.png */ = {isa = PBXFileReference; lastKnownFileType = image.png; name = "map-pin.png"; path = "images/map-pin.png"; sourceTree = "<group>"; };
		1FB4366112918E90002D63E8 /* phone.png */ = {isa = PBXFileReference; lastKnownFileType = image.png; name = phone.png; path = images/phone.png; sourceTree = "<group>"; };
		1FB4366212918E90002D63E8 /* photolib.png */ = {isa = PBXFileReference; lastKnownFileType = image.png; name = photolib.png; path = images/photolib.png; sourceTree = "<group>"; };
		1FB4366312918E90002D63E8 /* sms.png */ = {isa = PBXFileReference; lastKnownFileType = image.png; name = sms.png; path = images/sms.png; sourceTree = "<group>"; };
		1FB4366412918E90002D63E8 /* text.png */ = {isa = PBXFileReference; lastKnownFileType = image.png; name = text.png; path = images/text.png; sourceTree = "<group>"; };
		1FB4367312918F63002D63E8 /* Scan.h */ = {isa = PBXFileReference; fileEncoding = 4; lastKnownFileType = sourcecode.c.h; path = Scan.h; sourceTree = "<group>"; };
		1FB4367412918F63002D63E8 /* Scan.m */ = {isa = PBXFileReference; fileEncoding = 4; lastKnownFileType = sourcecode.c.objc; path = Scan.m; sourceTree = "<group>"; };
		1FB4367B12918FAF002D63E8 /* ScanCell.h */ = {isa = PBXFileReference; fileEncoding = 4; lastKnownFileType = sourcecode.c.h; path = ScanCell.h; sourceTree = "<group>"; };
		1FB4367C12918FAF002D63E8 /* ScanCell.m */ = {isa = PBXFileReference; fileEncoding = 4; lastKnownFileType = sourcecode.c.objc; path = ScanCell.m; sourceTree = "<group>"; };
		1FB4369412918FF0002D63E8 /* ScanViewController.h */ = {isa = PBXFileReference; fileEncoding = 4; lastKnownFileType = sourcecode.c.h; path = ScanViewController.h; sourceTree = "<group>"; };
		1FB4369512918FF0002D63E8 /* ScanViewController.m */ = {isa = PBXFileReference; fileEncoding = 4; lastKnownFileType = sourcecode.c.objc; path = ScanViewController.m; sourceTree = "<group>"; };
		1FB4369912919014002D63E8 /* libsqlite3.dylib */ = {isa = PBXFileReference; lastKnownFileType = "compiled.mach-o.dylib"; name = libsqlite3.dylib; path = usr/lib/libsqlite3.dylib; sourceTree = SDKROOT; };
		1FB436DE129194E7002D63E8 /* scans.db */ = {isa = PBXFileReference; lastKnownFileType = file; path = scans.db; sourceTree = "<group>"; };
		1FB437B612928EDA002D63E8 /* ModalViewControllerDelegate.h */ = {isa = PBXFileReference; fileEncoding = 4; lastKnownFileType = sourcecode.c.h; path = ModalViewControllerDelegate.h; sourceTree = "<group>"; };
		1FCC10A712C15F68009040CF /* Scanning.png */ = {isa = PBXFileReference; lastKnownFileType = image.png; name = Scanning.png; path = images/Scanning.png; sourceTree = "<group>"; };
		1FCC10A812C15F68009040CF /* Scanning@2x.png */ = {isa = PBXFileReference; lastKnownFileType = image.png; name = "Scanning@2x.png"; path = "images/Scanning@2x.png"; sourceTree = "<group>"; };
		1FF80CD712A3AB1B00FE297C /* fr */ = {isa = PBXFileReference; lastKnownFileType = text.html; name = fr; path = fr.lproj/About.html; sourceTree = "<group>"; };
		1FF80CD812A3AB1B00FE297C /* fr */ = {isa = PBXFileReference; lastKnownFileType = file.xib; name = fr; path = fr.lproj/DecoderView.xib; sourceTree = "<group>"; };
		1FF80CD912A3AB1B00FE297C /* fr */ = {isa = PBXFileReference; lastKnownFileType = text.html; name = fr; path = fr.lproj/Hints.html; sourceTree = "<group>"; };
		1FF80CDA12A3AB1B00FE297C /* fr */ = {isa = PBXFileReference; lastKnownFileType = text.plist.strings; name = fr; path = fr.lproj/InfoPlist.strings; sourceTree = "<group>"; };
		1FF80CDB12A3AB1B00FE297C /* fr */ = {isa = PBXFileReference; lastKnownFileType = text.plist.strings; name = fr; path = fr.lproj/Localizable.strings; sourceTree = "<group>"; };
		1FF80CDC12A3AB1B00FE297C /* fr */ = {isa = PBXFileReference; lastKnownFileType = file.xib; name = fr; path = fr.lproj/MainWindow.xib; sourceTree = "<group>"; };
		1FF80CDD12A3AB1B00FE297C /* fr */ = {isa = PBXFileReference; lastKnownFileType = file.xib; name = fr; path = fr.lproj/Message.xib; sourceTree = "<group>"; };
		1FF80D0F12A3AE5400FE297C /* ZXMainViewController.xib */ = {isa = PBXFileReference; lastKnownFileType = file.xib; path = ZXMainViewController.xib; sourceTree = "<group>"; };
		288765FC0DF74451002DB57D /* CoreGraphics.framework */ = {isa = PBXFileReference; lastKnownFileType = wrapper.framework; name = CoreGraphics.framework; path = System/Library/Frameworks/CoreGraphics.framework; sourceTree = SDKROOT; };
		28AD733E0D9D9553002E5188 /* MainWindow.xib */ = {isa = PBXFileReference; lastKnownFileType = file.xib; path = MainWindow.xib; sourceTree = "<group>"; };
		29B97316FDCFA39411CA2CEA /* main.mm */ = {isa = PBXFileReference; fileEncoding = 4; lastKnownFileType = sourcecode.cpp.objcpp; path = main.mm; sourceTree = "<group>"; };
		32CA4F630368D1EE00C91783 /* Barcodes_Prefix.pch */ = {isa = PBXFileReference; fileEncoding = 4; lastKnownFileType = sourcecode.c.h; path = Barcodes_Prefix.pch; sourceTree = "<group>"; };
		8D1107310486CEB800E47090 /* Barcodes-Info.plist */ = {isa = PBXFileReference; fileEncoding = 4; lastKnownFileType = text.plist.xml; path = "Barcodes-Info.plist"; plistStructureDefinitionIdentifier = "com.apple.xcode.plist.structure-definition.iphone.info-plist"; sourceTree = "<group>"; };
/* End PBXFileReference section */

/* Begin PBXFrameworksBuildPhase section */
		1D60588F0D05DD3D006BFB54 /* Frameworks */ = {
			isa = PBXFrameworksBuildPhase;
			buildActionMask = 2147483647;
			files = (
				1D60589F0D05DD5A006BFB54 /* Foundation.framework in Frameworks */,
				1DF5F4E00D08C38300B7A737 /* UIKit.framework in Frameworks */,
				288765FD0DF74451002DB57D /* CoreGraphics.framework in Frameworks */,
				1FB4301D128FFDCF002D63E8 /* libZXingWidget.a in Frameworks */,
				1FB43083129006DC002D63E8 /* AudioToolbox.framework in Frameworks */,
				1FB43087129006E6002D63E8 /* libiconv.dylib in Frameworks */,
				1FB430F612900879002D63E8 /* AVFoundation.framework in Frameworks */,
				1FB430FC129008A2002D63E8 /* CoreVideo.framework in Frameworks */,
				1FB43100129008B9002D63E8 /* CoreMedia.framework in Frameworks */,
				1FB431AB12901D7D002D63E8 /* AddressBook.framework in Frameworks */,
				1FB431B112901D8C002D63E8 /* AddressBookUI.framework in Frameworks */,
				1FB4369A12919014002D63E8 /* libsqlite3.dylib in Frameworks */,
			);
			runOnlyForDeploymentPostprocessing = 0;
		};
/* End PBXFrameworksBuildPhase section */

/* Begin PBXGroup section */
		080E96DDFE201D6D7F000001 /* Classes */ = {
			isa = PBXGroup;
			children = (
				1FB4369412918FF0002D63E8 /* ScanViewController.h */,
				1FB4369512918FF0002D63E8 /* ScanViewController.m */,
				1FB4367B12918FAF002D63E8 /* ScanCell.h */,
				1FB4367C12918FAF002D63E8 /* ScanCell.m */,
				1FB4367312918F63002D63E8 /* Scan.h */,
				1FB4367412918F63002D63E8 /* Scan.m */,
				1FB4365312918DA9002D63E8 /* ArchiveController.h */,
				1FB4365412918DA9002D63E8 /* ArchiveController.m */,
				1FB4365512918DA9002D63E8 /* Database.h */,
				1FB4365612918DA9002D63E8 /* Database.m */,
				1FB4352C12904F56002D63E8 /* MessageViewController.h */,
				1FB4352D12904F56002D63E8 /* MessageViewController.m */,
				1D3623240D0F684500981E51 /* BarcodesAppDelegate.h */,
				1D3623250D0F684500981E51 /* BarcodesAppDelegate.m */,
				1FB430341290002C002D63E8 /* ZXMainViewController.h */,
				1FB430351290002C002D63E8 /* ZXMainViewController.mm */,
				1FB437B612928EDA002D63E8 /* ModalViewControllerDelegate.h */,
			);
			path = Classes;
			sourceTree = "<group>";
		};
		19C28FACFE9D520D11CA2CBB /* Products */ = {
			isa = PBXGroup;
			children = (
				1D6058910D05DD3D006BFB54 /* Barcodes.app */,
			);
			name = Products;
			sourceTree = "<group>";
		};
		1FB43016128FFDBB002D63E8 /* dependencies */ = {
			isa = PBXGroup;
			children = (
				1FB43017128FFDCD002D63E8 /* ZXingWidget.xcodeproj */,
			);
			name = dependencies;
			sourceTree = "<group>";
		};
		1FB43018128FFDCD002D63E8 /* Products */ = {
			isa = PBXGroup;
			children = (
				1FB4301C128FFDCD002D63E8 /* libZXingWidget.a */,
				3BA9170E1444A22D00E067C5 /* ZXingTests.octest */,
			);
			name = Products;
			sourceTree = "<group>";
		};
		1FB4302D128FFF46002D63E8 /* images */ = {
			isa = PBXGroup;
			children = (
				1FCC10A712C15F68009040CF /* Scanning.png */,
				1FCC10A812C15F68009040CF /* Scanning@2x.png */,
				1F91E1071292E397003A0BFD /* ZxingLarge@2x.png */,
				1F91E0E21292D1DC003A0BFD /* clickHere.png */,
				1F91E0D61292CA8C003A0BFD /* LatestResultBackground@2x.png */,
				1F91E0C01292BAD5003A0BFD /* LatestResultBackground.png */,
				1F91E0BE1292BAC9003A0BFD /* Default@2x.png */,
				1FB4365A12918E90002D63E8 /* business-card.png */,
				1FB4365B12918E90002D63E8 /* Default.png */,
				1FB4365C12918E90002D63E8 /* email.png */,
				1FB4365D12918E90002D63E8 /* filmroll-2.png */,
				1FB4365E12918E90002D63E8 /* link1.png */,
				1FB4365F12918E90002D63E8 /* link2.png */,
				1FB4366012918E90002D63E8 /* map-pin.png */,
				1FB4366112918E90002D63E8 /* phone.png */,
				1FB4366212918E90002D63E8 /* photolib.png */,
				1FB4366312918E90002D63E8 /* sms.png */,
				1FB4366412918E90002D63E8 /* text.png */,
				1FB4303A129000B4002D63E8 /* ZxingLarge.png */,
				1FB4302E128FFF56002D63E8 /* icon.png */,
				1FB4302F128FFF56002D63E8 /* icon@2x.png */,
			);
			name = images;
			sourceTree = "<group>";
		};
		29B97314FDCFA39411CA2CEA /* CustomTemplate */ = {
			isa = PBXGroup;
			children = (
				080E96DDFE201D6D7F000001 /* Classes */,
				29B97315FDCFA39411CA2CEA /* Other Sources */,
				29B97317FDCFA39411CA2CEA /* Resources */,
				1FB43016128FFDBB002D63E8 /* dependencies */,
				29B97323FDCFA39411CA2CEA /* Frameworks */,
				19C28FACFE9D520D11CA2CBB /* Products */,
			);
			name = CustomTemplate;
			sourceTree = "<group>";
		};
		29B97315FDCFA39411CA2CEA /* Other Sources */ = {
			isa = PBXGroup;
			children = (
				32CA4F630368D1EE00C91783 /* Barcodes_Prefix.pch */,
				29B97316FDCFA39411CA2CEA /* main.mm */,
			);
			name = "Other Sources";
			sourceTree = "<group>";
		};
		29B97317FDCFA39411CA2CEA /* Resources */ = {
			isa = PBXGroup;
			children = (
				1FF80D0F12A3AE5400FE297C /* ZXMainViewController.xib */,
				1FB436DE129194E7002D63E8 /* scans.db */,
				1FB432751290295C002D63E8 /* About.html */,
				1FB432771290295C002D63E8 /* DecoderView.xib */,
				1FB432791290295C002D63E8 /* Hints.html */,
				1FB4327B1290295C002D63E8 /* InfoPlist.strings */,
				1FB4327D1290295C002D63E8 /* Localizable.strings */,
				1FB4327F1290295C002D63E8 /* MainWindow.xib */,
				1FB432811290295C002D63E8 /* Message.xib */,
				1FB430AD12900742002D63E8 /* beep-beep.aiff */,
				1FB4302D128FFF46002D63E8 /* images */,
				28AD733E0D9D9553002E5188 /* MainWindow.xib */,
				8D1107310486CEB800E47090 /* Barcodes-Info.plist */,
			);
			name = Resources;
			sourceTree = "<group>";
		};
		29B97323FDCFA39411CA2CEA /* Frameworks */ = {
			isa = PBXGroup;
			children = (
				1DF5F4DF0D08C38300B7A737 /* UIKit.framework */,
				1D30AB110D05D00D00671497 /* Foundation.framework */,
				288765FC0DF74451002DB57D /* CoreGraphics.framework */,
				1FB43082129006DC002D63E8 /* AudioToolbox.framework */,
				1FB43086129006E6002D63E8 /* libiconv.dylib */,
				1FB430F512900879002D63E8 /* AVFoundation.framework */,
				1FB430FB129008A2002D63E8 /* CoreVideo.framework */,
				1FB430FF129008B9002D63E8 /* CoreMedia.framework */,
				1FB431AA12901D7D002D63E8 /* AddressBook.framework */,
				1FB431B012901D8C002D63E8 /* AddressBookUI.framework */,
				1FB4369912919014002D63E8 /* libsqlite3.dylib */,
			);
			name = Frameworks;
			sourceTree = "<group>";
		};
/* End PBXGroup section */

/* Begin PBXNativeTarget section */
		1D6058900D05DD3D006BFB54 /* Barcodes */ = {
			isa = PBXNativeTarget;
			buildConfigurationList = 1D6058960D05DD3E006BFB54 /* Build configuration list for PBXNativeTarget "Barcodes" */;
			buildPhases = (
				1D60588D0D05DD3D006BFB54 /* Resources */,
				1D60588E0D05DD3D006BFB54 /* Sources */,
				1D60588F0D05DD3D006BFB54 /* Frameworks */,
			);
			buildRules = (
			);
			dependencies = (
				1FB43026128FFEF9002D63E8 /* PBXTargetDependency */,
			);
			name = Barcodes;
			productName = Barcodes;
			productReference = 1D6058910D05DD3D006BFB54 /* Barcodes.app */;
			productType = "com.apple.product-type.application";
		};
/* End PBXNativeTarget section */

/* Begin PBXProject section */
		29B97313FDCFA39411CA2CEA /* Project object */ = {
			isa = PBXProject;
			attributes = {
				LastUpgradeCheck = 0420;
			};
			buildConfigurationList = C01FCF4E08A954540054247B /* Build configuration list for PBXProject "Barcodes" */;
			compatibilityVersion = "Xcode 3.2";
			developmentRegion = English;
			hasScannedForEncodings = 1;
			knownRegions = (
				English,
				Japanese,
				French,
				German,
				de,
				en,
				sv,
				fr,
			);
			mainGroup = 29B97314FDCFA39411CA2CEA /* CustomTemplate */;
			projectDirPath = "";
			projectReferences = (
				{
					ProductGroup = 1FB43018128FFDCD002D63E8 /* Products */;
					ProjectRef = 1FB43017128FFDCD002D63E8 /* ZXingWidget.xcodeproj */;
				},
			);
			projectRoot = "";
			targets = (
				1D6058900D05DD3D006BFB54 /* Barcodes */,
			);
		};
/* End PBXProject section */

/* Begin PBXReferenceProxy section */
		1FB4301C128FFDCD002D63E8 /* libZXingWidget.a */ = {
			isa = PBXReferenceProxy;
			fileType = archive.ar;
			path = libZXingWidget.a;
			remoteRef = 1FB4301B128FFDCD002D63E8 /* PBXContainerItemProxy */;
			sourceTree = BUILT_PRODUCTS_DIR;
		};
		3BA9170E1444A22D00E067C5 /* ZXingTests.octest */ = {
			isa = PBXReferenceProxy;
			fileType = wrapper.cfbundle;
			path = ZXingTests.octest;
			remoteRef = 3BA9170D1444A22D00E067C5 /* PBXContainerItemProxy */;
			sourceTree = BUILT_PRODUCTS_DIR;
		};
/* End PBXReferenceProxy section */

/* Begin PBXResourcesBuildPhase section */
		1D60588D0D05DD3D006BFB54 /* Resources */ = {
			isa = PBXResourcesBuildPhase;
			buildActionMask = 2147483647;
			files = (
				28AD733F0D9D9553002E5188 /* MainWindow.xib in Resources */,
				1FB43030128FFF56002D63E8 /* icon.png in Resources */,
				1FB43031128FFF56002D63E8 /* icon@2x.png in Resources */,
				1FB4303B129000B4002D63E8 /* ZxingLarge.png in Resources */,
				1FB430AE12900742002D63E8 /* beep-beep.aiff in Resources */,
				1FB432831290295C002D63E8 /* About.html in Resources */,
				1FB432841290295C002D63E8 /* DecoderView.xib in Resources */,
				1FB432851290295C002D63E8 /* Hints.html in Resources */,
				1FB432861290295C002D63E8 /* InfoPlist.strings in Resources */,
				1FB432871290295C002D63E8 /* Localizable.strings in Resources */,
				1FB432881290295C002D63E8 /* MainWindow.xib in Resources */,
				1FB432891290295C002D63E8 /* Message.xib in Resources */,
				1FB4366512918E90002D63E8 /* business-card.png in Resources */,
				1FB4366612918E90002D63E8 /* Default.png in Resources */,
				1FB4366712918E90002D63E8 /* email.png in Resources */,
				1FB4366812918E90002D63E8 /* filmroll-2.png in Resources */,
				1FB4366912918E90002D63E8 /* link1.png in Resources */,
				1FB4366A12918E90002D63E8 /* link2.png in Resources */,
				1FB4366B12918E90002D63E8 /* map-pin.png in Resources */,
				1FB4366C12918E90002D63E8 /* phone.png in Resources */,
				1FB4366D12918E90002D63E8 /* photolib.png in Resources */,
				1FB4366E12918E90002D63E8 /* sms.png in Resources */,
				1FB4366F12918E90002D63E8 /* text.png in Resources */,
				1FB436DF129194E7002D63E8 /* scans.db in Resources */,
				1F91E0BF1292BAC9003A0BFD /* Default@2x.png in Resources */,
				1F91E0C11292BAD5003A0BFD /* LatestResultBackground.png in Resources */,
				1F91E0D71292CA8C003A0BFD /* LatestResultBackground@2x.png in Resources */,
				1F91E0E31292D1DC003A0BFD /* clickHere.png in Resources */,
				1F91E1081292E397003A0BFD /* ZxingLarge@2x.png in Resources */,
				1FF80D1012A3AE5400FE297C /* ZXMainViewController.xib in Resources */,
				1FCC10A912C15F68009040CF /* Scanning.png in Resources */,
				1FCC10AA12C15F68009040CF /* Scanning@2x.png in Resources */,
			);
			runOnlyForDeploymentPostprocessing = 0;
		};
/* End PBXResourcesBuildPhase section */

/* Begin PBXSourcesBuildPhase section */
		1D60588E0D05DD3D006BFB54 /* Sources */ = {
			isa = PBXSourcesBuildPhase;
			buildActionMask = 2147483647;
			files = (
				1D60589B0D05DD56006BFB54 /* main.mm in Sources */,
				1D3623260D0F684500981E51 /* BarcodesAppDelegate.m in Sources */,
				1FB430371290002C002D63E8 /* ZXMainViewController.mm in Sources */,
				1FB4352E12904F56002D63E8 /* MessageViewController.m in Sources */,
				1FB4365712918DA9002D63E8 /* ArchiveController.m in Sources */,
				1FB4365812918DA9002D63E8 /* Database.m in Sources */,
				1FB4367512918F63002D63E8 /* Scan.m in Sources */,
				1FB4367D12918FAF002D63E8 /* ScanCell.m in Sources */,
				1FB4369612918FF0002D63E8 /* ScanViewController.m in Sources */,
			);
			runOnlyForDeploymentPostprocessing = 0;
		};
/* End PBXSourcesBuildPhase section */

/* Begin PBXTargetDependency section */
		1FB43026128FFEF9002D63E8 /* PBXTargetDependency */ = {
			isa = PBXTargetDependency;
			name = ZXingWidget;
			targetProxy = 1FB43025128FFEF9002D63E8 /* PBXContainerItemProxy */;
		};
/* End PBXTargetDependency section */

/* Begin PBXVariantGroup section */
		1FB432751290295C002D63E8 /* About.html */ = {
			isa = PBXVariantGroup;
			children = (
				1FB432761290295C002D63E8 /* de */,
				1FB4328A12902968002D63E8 /* en */,
				1FB4329112902973002D63E8 /* sv */,
				1FF80CD712A3AB1B00FE297C /* fr */,
			);
			name = About.html;
			sourceTree = "<group>";
		};
		1FB432771290295C002D63E8 /* DecoderView.xib */ = {
			isa = PBXVariantGroup;
			children = (
				1FB432781290295C002D63E8 /* de */,
				1FB4328B12902968002D63E8 /* en */,
				1FB4329212902973002D63E8 /* sv */,
				1FF80CD812A3AB1B00FE297C /* fr */,
			);
			name = DecoderView.xib;
			sourceTree = "<group>";
		};
		1FB432791290295C002D63E8 /* Hints.html */ = {
			isa = PBXVariantGroup;
			children = (
				1FB4327A1290295C002D63E8 /* de */,
				1FB4328C12902968002D63E8 /* en */,
				1FB4329312902973002D63E8 /* sv */,
				1FF80CD912A3AB1B00FE297C /* fr */,
			);
			name = Hints.html;
			sourceTree = "<group>";
		};
		1FB4327B1290295C002D63E8 /* InfoPlist.strings */ = {
			isa = PBXVariantGroup;
			children = (
				1FB4327C1290295C002D63E8 /* de */,
				1FB4328D12902968002D63E8 /* en */,
				1FB4329412902973002D63E8 /* sv */,
				1FF80CDA12A3AB1B00FE297C /* fr */,
			);
			name = InfoPlist.strings;
			sourceTree = "<group>";
		};
		1FB4327D1290295C002D63E8 /* Localizable.strings */ = {
			isa = PBXVariantGroup;
			children = (
				1FF80CDB12A3AB1B00FE297C /* fr */,
				1FB4327E1290295C002D63E8 /* de */,
				1FB4328E12902968002D63E8 /* en */,
				1FB4329512902973002D63E8 /* sv */,
			);
			name = Localizable.strings;
			sourceTree = "<group>";
		};
		1FB4327F1290295C002D63E8 /* MainWindow.xib */ = {
			isa = PBXVariantGroup;
			children = (
				1FB432801290295C002D63E8 /* de */,
				1FB4328F12902968002D63E8 /* en */,
				1FB4329612902973002D63E8 /* sv */,
				1FF80CDC12A3AB1B00FE297C /* fr */,
			);
			name = MainWindow.xib;
			sourceTree = "<group>";
		};
		1FB432811290295C002D63E8 /* Message.xib */ = {
			isa = PBXVariantGroup;
			children = (
				1FB432821290295C002D63E8 /* de */,
				1FB4329012902968002D63E8 /* en */,
				1FB4329712902973002D63E8 /* sv */,
				1FF80CDD12A3AB1B00FE297C /* fr */,
			);
			name = Message.xib;
			sourceTree = "<group>";
		};
/* End PBXVariantGroup section */

/* Begin XCBuildConfiguration section */
		1D6058940D05DD3E006BFB54 /* Debug */ = {
			isa = XCBuildConfiguration;
			buildSettings = {
				ALWAYS_SEARCH_USER_PATHS = NO;
				COPY_PHASE_STRIP = NO;
				GCC_DYNAMIC_NO_PIC = NO;
				GCC_OPTIMIZATION_LEVEL = 0;
				GCC_PRECOMPILE_PREFIX_HEADER = YES;
				GCC_PREFIX_HEADER = Barcodes_Prefix.pch;
				INFOPLIST_FILE = "Barcodes-Info.plist";
				OTHER_LDFLAGS = (
					"-all_load",
					"-Objc",
				);
				PRODUCT_NAME = Barcodes;
			};
			name = Debug;
		};
		1D6058950D05DD3E006BFB54 /* Release */ = {
			isa = XCBuildConfiguration;
			buildSettings = {
				ALWAYS_SEARCH_USER_PATHS = NO;
				CODE_SIGN_IDENTITY = "iPhone Developer";
				COPY_PHASE_STRIP = YES;
				GCC_PRECOMPILE_PREFIX_HEADER = YES;
				GCC_PREFIX_HEADER = Barcodes_Prefix.pch;
				INFOPLIST_FILE = "Barcodes-Info.plist";
				OTHER_LDFLAGS = (
					"-all_load",
					"-Objc",
				);
				PRODUCT_NAME = Barcodes;
				PROVISIONING_PROFILE = "";
				VALIDATE_PRODUCT = YES;
			};
			name = Release;
		};
		1F81B3E012F1E42200659778 /* Distribution */ = {
			isa = XCBuildConfiguration;
			buildSettings = {
				ARCHS = (
					i386,
					armv6,
					armv7,
				);
				CODE_SIGN_IDENTITY = "iPhone Developer";
				GCC_C_LANGUAGE_STANDARD = c99;
				GCC_VERSION = "";
				GCC_WARN_ABOUT_RETURN_TYPE = YES;
				GCC_WARN_UNUSED_VARIABLE = YES;
				HEADER_SEARCH_PATHS = (
					../../cpp/core/src,
					"../ZXingWidget/Classes/**",
				);
				IPHONEOS_DEPLOYMENT_TARGET = 4.1;
				OTHER_CFLAGS = "-DNS_BLOCK_ASSERTIONS=1";
				PROVISIONING_PROFILE = "";
				SDKROOT = iphoneos;
			};
			name = Distribution;
		};
		1F81B3E112F1E42200659778 /* Distribution */ = {
			isa = XCBuildConfiguration;
			buildSettings = {
				ALWAYS_SEARCH_USER_PATHS = NO;
				COPY_PHASE_STRIP = YES;
				GCC_PRECOMPILE_PREFIX_HEADER = YES;
				GCC_PREFIX_HEADER = Barcodes_Prefix.pch;
				INFOPLIST_FILE = "Barcodes-Info.plist";
				OTHER_LDFLAGS = (
					"-all_load",
					"-Objc",
				);
				PRODUCT_NAME = Barcodes;
				VALIDATE_PRODUCT = YES;
			};
			name = Distribution;
		};
		C01FCF4F08A954540054247B /* Debug */ = {
			isa = XCBuildConfiguration;
			buildSettings = {
				ARCHS = (
					i386,
					armv6,
					armv7,
				);
				CODE_SIGN_IDENTITY = "iPhone Developer";
				GCC_C_LANGUAGE_STANDARD = c99;
				GCC_SYMBOLS_PRIVATE_EXTERN = NO;
				GCC_VERSION = "";
				GCC_WARN_ABOUT_RETURN_TYPE = YES;
				GCC_WARN_UNUSED_VARIABLE = YES;
				HEADER_SEARCH_PATHS = (
					../../cpp/core/src,
					"../ZXingWidget/Classes/**",
				);
				IPHONEOS_DEPLOYMENT_TARGET = 4.1;
				PROVISIONING_PROFILE = "";
				SDKROOT = iphoneos;
			};
			name = Debug;
		};
		C01FCF5008A954540054247B /* Release */ = {
			isa = XCBuildConfiguration;
			buildSettings = {
				ARCHS = (
					i386,
					armv6,
					armv7,
				);
				CODE_SIGN_IDENTITY = "iPhone Developer";
				GCC_C_LANGUAGE_STANDARD = c99;
				GCC_VERSION = "";
				GCC_WARN_ABOUT_RETURN_TYPE = YES;
				GCC_WARN_UNUSED_VARIABLE = YES;
				HEADER_SEARCH_PATHS = (
					../../cpp/core/src,
					"../ZXingWidget/Classes/**",
				);
				IPHONEOS_DEPLOYMENT_TARGET = 4.1;
				OTHER_CFLAGS = "-DNS_BLOCK_ASSERTIONS=1";
				PROVISIONING_PROFILE = "";
				SDKROOT = iphoneos;
			};
			name = Release;
		};
/* End XCBuildConfiguration section */

/* Begin XCConfigurationList section */
		1D6058960D05DD3E006BFB54 /* Build configuration list for PBXNativeTarget "Barcodes" */ = {
			isa = XCConfigurationList;
			buildConfigurations = (
				1D6058940D05DD3E006BFB54 /* Debug */,
				1D6058950D05DD3E006BFB54 /* Release */,
				1F81B3E112F1E42200659778 /* Distribution */,
			);
			defaultConfigurationIsVisible = 0;
			defaultConfigurationName = Release;
		};
		C01FCF4E08A954540054247B /* Build configuration list for PBXProject "Barcodes" */ = {
			isa = XCConfigurationList;
			buildConfigurations = (
				C01FCF4F08A954540054247B /* Debug */,
				C01FCF5008A954540054247B /* Release */,
				1F81B3E012F1E42200659778 /* Distribution */,
			);
			defaultConfigurationIsVisible = 0;
			defaultConfigurationName = Release;
		};
/* End XCConfigurationList section */
	};
	rootObject = 29B97313FDCFA39411CA2CEA /* Project object */;
}
