// !$*UTF8*$!
{
	archiveVersion = 1;
	classes = {
	};
	objectVersion = 45;
	objects = {

/* Begin PBXBuildFile section */
		1D3623260D0F684500981E51 /* ScanTestAppDelegate.m in Sources */ = {isa = PBXBuildFile; fileRef = 1D3623250D0F684500981E51 /* ScanTestAppDelegate.m */; };
		1D60589B0D05DD56006BFB54 /* main.mm in Sources */ = {isa = PBXBuildFile; fileRef = 29B97316FDCFA39411CA2CEA /* main.mm */; };
		1D60589F0D05DD5A006BFB54 /* Foundation.framework in Frameworks */ = {isa = PBXBuildFile; fileRef = 1D30AB110D05D00D00671497 /* Foundation.framework */; };
		1DF5F4E00D08C38300B7A737 /* UIKit.framework in Frameworks */ = {isa = PBXBuildFile; fileRef = 1DF5F4DF0D08C38300B7A737 /* UIKit.framework */; };
		2892E4100DC94CBA00A64D0F /* CoreGraphics.framework in Frameworks */ = {isa = PBXBuildFile; fileRef = 2892E40F0DC94CBA00A64D0F /* CoreGraphics.framework */; };
		28AD73600D9D9599002E5188 /* MainWindow.xib in Resources */ = {isa = PBXBuildFile; fileRef = 28AD735F0D9D9599002E5188 /* MainWindow.xib */; };
		28C286E10D94DF7D0034E888 /* RootViewController.m in Sources */ = {isa = PBXBuildFile; fileRef = 28C286E00D94DF7D0034E888 /* RootViewController.m */; };
		28F335F11007B36200424DE2 /* RootViewController.xib in Resources */ = {isa = PBXBuildFile; fileRef = 28F335F01007B36200424DE2 /* RootViewController.xib */; };
		E5345BC91198D74D000CB77F /* libZXingWidget.a in Frameworks */ = {isa = PBXBuildFile; fileRef = E5345BC81198D74D000CB77F /* libZXingWidget.a */; };
		E5345BF11198D81A000CB77F /* AudioToolbox.framework in Frameworks */ = {isa = PBXBuildFile; fileRef = E5345BF01198D81A000CB77F /* AudioToolbox.framework */; };
		E548755C119C62B9001CC0F8 /* beep-beep.aiff in Resources */ = {isa = PBXBuildFile; fileRef = E548755B119C62B9001CC0F8 /* beep-beep.aiff */; };
/* End PBXBuildFile section */

/* Begin PBXFileReference section */
		1D30AB110D05D00D00671497 /* Foundation.framework */ = {isa = PBXFileReference; lastKnownFileType = wrapper.framework; name = Foundation.framework; path = System/Library/Frameworks/Foundation.framework; sourceTree = SDKROOT; };
		1D3623240D0F684500981E51 /* ScanTestAppDelegate.h */ = {isa = PBXFileReference; fileEncoding = 4; lastKnownFileType = sourcecode.c.h; path = ScanTestAppDelegate.h; sourceTree = "<group>"; };
		1D3623250D0F684500981E51 /* ScanTestAppDelegate.m */ = {isa = PBXFileReference; fileEncoding = 4; lastKnownFileType = sourcecode.c.objc; path = ScanTestAppDelegate.m; sourceTree = "<group>"; };
		1D6058910D05DD3D006BFB54 /* ScanTest.app */ = {isa = PBXFileReference; explicitFileType = wrapper.application; includeInIndex = 0; path = ScanTest.app; sourceTree = BUILT_PRODUCTS_DIR; };
		1DF5F4DF0D08C38300B7A737 /* UIKit.framework */ = {isa = PBXFileReference; lastKnownFileType = wrapper.framework; name = UIKit.framework; path = System/Library/Frameworks/UIKit.framework; sourceTree = SDKROOT; };
		2892E40F0DC94CBA00A64D0F /* CoreGraphics.framework */ = {isa = PBXFileReference; lastKnownFileType = wrapper.framework; name = CoreGraphics.framework; path = System/Library/Frameworks/CoreGraphics.framework; sourceTree = SDKROOT; };
		28A0AAE50D9B0CCF005BE974 /* ScanTest_Prefix.pch */ = {isa = PBXFileReference; fileEncoding = 4; lastKnownFileType = sourcecode.c.h; path = ScanTest_Prefix.pch; sourceTree = "<group>"; };
		28AD735F0D9D9599002E5188 /* MainWindow.xib */ = {isa = PBXFileReference; lastKnownFileType = file.xib; path = MainWindow.xib; sourceTree = "<group>"; };
		28C286DF0D94DF7D0034E888 /* RootViewController.h */ = {isa = PBXFileReference; fileEncoding = 4; lastKnownFileType = sourcecode.c.h; path = RootViewController.h; sourceTree = "<group>"; };
		28C286E00D94DF7D0034E888 /* RootViewController.m */ = {isa = PBXFileReference; fileEncoding = 4; lastKnownFileType = sourcecode.c.objc; path = RootViewController.m; sourceTree = "<group>"; };
		28F335F01007B36200424DE2 /* RootViewController.xib */ = {isa = PBXFileReference; lastKnownFileType = file.xib; path = RootViewController.xib; sourceTree = "<group>"; };
		29B97316FDCFA39411CA2CEA /* main.mm */ = {isa = PBXFileReference; fileEncoding = 4; lastKnownFileType = sourcecode.cpp.objcpp; path = main.mm; sourceTree = "<group>"; };
		8D1107310486CEB800E47090 /* ScanTest-Info.plist */ = {isa = PBXFileReference; fileEncoding = 4; lastKnownFileType = text.plist.xml; path = "ScanTest-Info.plist"; plistStructureDefinitionIdentifier = "com.apple.xcode.plist.structure-definition.iphone.info-plist"; sourceTree = "<group>"; };
		E5345BC81198D74D000CB77F /* libZXingWidget.a */ = {isa = PBXFileReference; lastKnownFileType = archive.ar; name = libZXingWidget.a; path = "../ZXingWidget/build/Debug-iphoneos/libZXingWidget.a"; sourceTree = SOURCE_ROOT; };
		E5345BCA1198D7E2000CB77F /* AddContactAction.h */ = {isa = PBXFileReference; fileEncoding = 4; lastKnownFileType = sourcecode.c.h; name = AddContactAction.h; path = ../ZXingWidget/AddContactAction.h; sourceTree = SOURCE_ROOT; };
		E5345BCB1198D7E2000CB77F /* BookmarkDoCoMoResultParser.h */ = {isa = PBXFileReference; fileEncoding = 4; lastKnownFileType = sourcecode.c.h; name = BookmarkDoCoMoResultParser.h; path = ../ZXingWidget/BookmarkDoCoMoResultParser.h; sourceTree = SOURCE_ROOT; };
		E5345BCC1198D7E2000CB77F /* BusinessCardParsedResult.h */ = {isa = PBXFileReference; fileEncoding = 4; lastKnownFileType = sourcecode.c.h; name = BusinessCardParsedResult.h; path = ../ZXingWidget/BusinessCardParsedResult.h; sourceTree = SOURCE_ROOT; };
		E5345BCD1198D7E2000CB77F /* CallAction.h */ = {isa = PBXFileReference; fileEncoding = 4; lastKnownFileType = sourcecode.c.h; name = CallAction.h; path = ../ZXingWidget/CallAction.h; sourceTree = SOURCE_ROOT; };
		E5345BCE1198D7E2000CB77F /* Decoder.h */ = {isa = PBXFileReference; fileEncoding = 4; lastKnownFileType = sourcecode.c.h; name = Decoder.h; path = ../ZXingWidget/Decoder.h; sourceTree = SOURCE_ROOT; };
		E5345BCF1198D7E2000CB77F /* DecoderDelegate.h */ = {isa = PBXFileReference; fileEncoding = 4; lastKnownFileType = sourcecode.c.h; name = DecoderDelegate.h; path = ../ZXingWidget/DecoderDelegate.h; sourceTree = SOURCE_ROOT; };
		E5345BD01198D7E2000CB77F /* DoCoMoResultParser.h */ = {isa = PBXFileReference; fileEncoding = 4; lastKnownFileType = sourcecode.c.h; name = DoCoMoResultParser.h; path = ../ZXingWidget/DoCoMoResultParser.h; sourceTree = SOURCE_ROOT; };
		E5345BD11198D7E2000CB77F /* EmailAction.h */ = {isa = PBXFileReference; fileEncoding = 4; lastKnownFileType = sourcecode.c.h; name = EmailAction.h; path = ../ZXingWidget/EmailAction.h; sourceTree = SOURCE_ROOT; };
		E5345BD21198D7E2000CB77F /* EmailDoCoMoResultParser.h */ = {isa = PBXFileReference; fileEncoding = 4; lastKnownFileType = sourcecode.c.h; name = EmailDoCoMoResultParser.h; path = ../ZXingWidget/EmailDoCoMoResultParser.h; sourceTree = SOURCE_ROOT; };
		E5345BD31198D7E2000CB77F /* EmailParsedResult.h */ = {isa = PBXFileReference; fileEncoding = 4; lastKnownFileType = sourcecode.c.h; name = EmailParsedResult.h; path = ../ZXingWidget/EmailParsedResult.h; sourceTree = SOURCE_ROOT; };
		E5345BD41198D7E2000CB77F /* FormatReader.h */ = {isa = PBXFileReference; fileEncoding = 4; lastKnownFileType = sourcecode.c.h; name = FormatReader.h; path = ../ZXingWidget/FormatReader.h; sourceTree = SOURCE_ROOT; };
		E5345BD51198D7E2000CB77F /* GeoParsedResult.h */ = {isa = PBXFileReference; fileEncoding = 4; lastKnownFileType = sourcecode.c.h; name = GeoParsedResult.h; path = ../ZXingWidget/GeoParsedResult.h; sourceTree = SOURCE_ROOT; };
		E5345BD61198D7E2000CB77F /* GeoResultParser.h */ = {isa = PBXFileReference; fileEncoding = 4; lastKnownFileType = sourcecode.c.h; name = GeoResultParser.h; path = ../ZXingWidget/GeoResultParser.h; sourceTree = SOURCE_ROOT; };
		E5345BD71198D7E2000CB77F /* GrayBytesMonochromeBitmapSource.h */ = {isa = PBXFileReference; fileEncoding = 4; lastKnownFileType = sourcecode.c.h; name = GrayBytesMonochromeBitmapSource.h; path = ../ZXingWidget/GrayBytesMonochromeBitmapSource.h; sourceTree = SOURCE_ROOT; };
		E5345BD81198D7E2000CB77F /* MeCardParser.h */ = {isa = PBXFileReference; fileEncoding = 4; lastKnownFileType = sourcecode.c.h; name = MeCardParser.h; path = ../ZXingWidget/MeCardParser.h; sourceTree = SOURCE_ROOT; };
		E5345BD91198D7E2000CB77F /* NSString+HTML.h */ = {isa = PBXFileReference; fileEncoding = 4; lastKnownFileType = sourcecode.c.h; name = "NSString+HTML.h"; path = "../ZXingWidget/NSString+HTML.h"; sourceTree = SOURCE_ROOT; };
		E5345BDA1198D7E2000CB77F /* OpenUrlAction.h */ = {isa = PBXFileReference; fileEncoding = 4; lastKnownFileType = sourcecode.c.h; name = OpenUrlAction.h; path = ../ZXingWidget/OpenUrlAction.h; sourceTree = SOURCE_ROOT; };
		E5345BDB1198D7E2000CB77F /* OverlayView.h */ = {isa = PBXFileReference; fileEncoding = 4; lastKnownFileType = sourcecode.c.h; name = OverlayView.h; path = ../ZXingWidget/OverlayView.h; sourceTree = SOURCE_ROOT; };
		E5345BDC1198D7E2000CB77F /* ParsedResult.h */ = {isa = PBXFileReference; fileEncoding = 4; lastKnownFileType = sourcecode.c.h; name = ParsedResult.h; path = ../ZXingWidget/ParsedResult.h; sourceTree = SOURCE_ROOT; };
		E5345BDD1198D7E2000CB77F /* PlainEmailResultParser.h */ = {isa = PBXFileReference; fileEncoding = 4; lastKnownFileType = sourcecode.c.h; name = PlainEmailResultParser.h; path = ../ZXingWidget/PlainEmailResultParser.h; sourceTree = SOURCE_ROOT; };
		E5345BDE1198D7E2000CB77F /* ResultAction.h */ = {isa = PBXFileReference; fileEncoding = 4; lastKnownFileType = sourcecode.c.h; name = ResultAction.h; path = ../ZXingWidget/ResultAction.h; sourceTree = SOURCE_ROOT; };
		E5345BDF1198D7E2000CB77F /* ResultParser.h */ = {isa = PBXFileReference; fileEncoding = 4; lastKnownFileType = sourcecode.c.h; name = ResultParser.h; path = ../ZXingWidget/ResultParser.h; sourceTree = SOURCE_ROOT; };
		E5345BE01198D7E2000CB77F /* ShowMapAction.h */ = {isa = PBXFileReference; fileEncoding = 4; lastKnownFileType = sourcecode.c.h; name = ShowMapAction.h; path = ../ZXingWidget/ShowMapAction.h; sourceTree = SOURCE_ROOT; };
		E5345BE11198D7E2000CB77F /* SMSAction.h */ = {isa = PBXFileReference; fileEncoding = 4; lastKnownFileType = sourcecode.c.h; name = SMSAction.h; path = ../ZXingWidget/SMSAction.h; sourceTree = SOURCE_ROOT; };
		E5345BE21198D7E2000CB77F /* SMSParsedResult.h */ = {isa = PBXFileReference; fileEncoding = 4; lastKnownFileType = sourcecode.c.h; name = SMSParsedResult.h; path = ../ZXingWidget/SMSParsedResult.h; sourceTree = SOURCE_ROOT; };
		E5345BE31198D7E2000CB77F /* SMSResultParser.h */ = {isa = PBXFileReference; fileEncoding = 4; lastKnownFileType = sourcecode.c.h; name = SMSResultParser.h; path = ../ZXingWidget/SMSResultParser.h; sourceTree = SOURCE_ROOT; };
		E5345BE41198D7E2000CB77F /* SMSTOResultParser.h */ = {isa = PBXFileReference; fileEncoding = 4; lastKnownFileType = sourcecode.c.h; name = SMSTOResultParser.h; path = ../ZXingWidget/SMSTOResultParser.h; sourceTree = SOURCE_ROOT; };
		E5345BE51198D7E2000CB77F /* TelParsedResult.h */ = {isa = PBXFileReference; fileEncoding = 4; lastKnownFileType = sourcecode.c.h; name = TelParsedResult.h; path = ../ZXingWidget/TelParsedResult.h; sourceTree = SOURCE_ROOT; };
		E5345BE61198D7E2000CB77F /* TelResultParser.h */ = {isa = PBXFileReference; fileEncoding = 4; lastKnownFileType = sourcecode.c.h; name = TelResultParser.h; path = ../ZXingWidget/TelResultParser.h; sourceTree = SOURCE_ROOT; };
		E5345BE71198D7E2000CB77F /* TextParsedResult.h */ = {isa = PBXFileReference; fileEncoding = 4; lastKnownFileType = sourcecode.c.h; name = TextParsedResult.h; path = ../ZXingWidget/TextParsedResult.h; sourceTree = SOURCE_ROOT; };
		E5345BE81198D7E2000CB77F /* TextResultParser.h */ = {isa = PBXFileReference; fileEncoding = 4; lastKnownFileType = sourcecode.c.h; name = TextResultParser.h; path = ../ZXingWidget/TextResultParser.h; sourceTree = SOURCE_ROOT; };
		E5345BE91198D7E2000CB77F /* TwoDDecoderResult.h */ = {isa = PBXFileReference; fileEncoding = 4; lastKnownFileType = sourcecode.c.h; name = TwoDDecoderResult.h; path = ../ZXingWidget/TwoDDecoderResult.h; sourceTree = SOURCE_ROOT; };
		E5345BEA1198D7E2000CB77F /* URIParsedResult.h */ = {isa = PBXFileReference; fileEncoding = 4; lastKnownFileType = sourcecode.c.h; name = URIParsedResult.h; path = ../ZXingWidget/URIParsedResult.h; sourceTree = SOURCE_ROOT; };
		E5345BEB1198D7E2000CB77F /* URLResultParser.h */ = {isa = PBXFileReference; fileEncoding = 4; lastKnownFileType = sourcecode.c.h; name = URLResultParser.h; path = ../ZXingWidget/URLResultParser.h; sourceTree = SOURCE_ROOT; };
		E5345BEC1198D7E2000CB77F /* URLTOResultParser.h */ = {isa = PBXFileReference; fileEncoding = 4; lastKnownFileType = sourcecode.c.h; name = URLTOResultParser.h; path = ../ZXingWidget/URLTOResultParser.h; sourceTree = SOURCE_ROOT; };
		E5345BED1198D7E2000CB77F /* ZXingWidgetController.h */ = {isa = PBXFileReference; fileEncoding = 4; lastKnownFileType = sourcecode.c.h; name = ZXingWidgetController.h; path = ../ZXingWidget/ZXingWidgetController.h; sourceTree = SOURCE_ROOT; };
		E5345BF01198D81A000CB77F /* AudioToolbox.framework */ = {isa = PBXFileReference; lastKnownFileType = wrapper.framework; name = AudioToolbox.framework; path = System/Library/Frameworks/AudioToolbox.framework; sourceTree = SDKROOT; };
		E5345FD6119B27D2000CB77F /* libZXingWidget.a */ = {isa = PBXFileReference; explicitFileType = archive.ar; includeInIndex = 0; name = libZXingWidget.a; path = "build/Debug-iphoneos/libZXingWidget.a"; sourceTree = "<group>"; };
		E548755B119C62B9001CC0F8 /* beep-beep.aiff */ = {isa = PBXFileReference; lastKnownFileType = audio.aiff; path = "beep-beep.aiff"; sourceTree = "<group>"; };
/* End PBXFileReference section */

/* Begin PBXFrameworksBuildPhase section */
		1D60588F0D05DD3D006BFB54 /* Frameworks */ = {
			isa = PBXFrameworksBuildPhase;
			buildActionMask = 2147483647;
			files = (
				1D60589F0D05DD5A006BFB54 /* Foundation.framework in Frameworks */,
				1DF5F4E00D08C38300B7A737 /* UIKit.framework in Frameworks */,
				2892E4100DC94CBA00A64D0F /* CoreGraphics.framework in Frameworks */,
				E5345BC91198D74D000CB77F /* libZXingWidget.a in Frameworks */,
				E5345BF11198D81A000CB77F /* AudioToolbox.framework in Frameworks */,
			);
			runOnlyForDeploymentPostprocessing = 0;
		};
/* End PBXFrameworksBuildPhase section */

/* Begin PBXGroup section */
		080E96DDFE201D6D7F000001 /* Classes */ = {
			isa = PBXGroup;
			children = (
				28C286DF0D94DF7D0034E888 /* RootViewController.h */,
				28C286E00D94DF7D0034E888 /* RootViewController.m */,
				1D3623240D0F684500981E51 /* ScanTestAppDelegate.h */,
				1D3623250D0F684500981E51 /* ScanTestAppDelegate.m */,
			);
			path = Classes;
			sourceTree = "<group>";
		};
		19C28FACFE9D520D11CA2CBB /* Products */ = {
			isa = PBXGroup;
			children = (
				1D6058910D05DD3D006BFB54 /* ScanTest.app */,
				E5345FD6119B27D2000CB77F /* libZXingWidget.a */,
			);
			name = Products;
			sourceTree = "<group>";
		};
		29B97314FDCFA39411CA2CEA /* CustomTemplate */ = {
			isa = PBXGroup;
			children = (
				080E96DDFE201D6D7F000001 /* Classes */,
				29B97315FDCFA39411CA2CEA /* Other Sources */,
				29B97317FDCFA39411CA2CEA /* Resources */,
				E5345BC71198D714000CB77F /* ZXingWidget */,
				29B97323FDCFA39411CA2CEA /* Frameworks */,
				19C28FACFE9D520D11CA2CBB /* Products */,
			);
			name = CustomTemplate;
			sourceTree = "<group>";
		};
		29B97315FDCFA39411CA2CEA /* Other Sources */ = {
			isa = PBXGroup;
			children = (
				28A0AAE50D9B0CCF005BE974 /* ScanTest_Prefix.pch */,
				29B97316FDCFA39411CA2CEA /* main.mm */,
			);
			name = "Other Sources";
			sourceTree = "<group>";
		};
		29B97317FDCFA39411CA2CEA /* Resources */ = {
			isa = PBXGroup;
			children = (
				E548755B119C62B9001CC0F8 /* beep-beep.aiff */,
				28F335F01007B36200424DE2 /* RootViewController.xib */,
				28AD735F0D9D9599002E5188 /* MainWindow.xib */,
				8D1107310486CEB800E47090 /* ScanTest-Info.plist */,
			);
			name = Resources;
			sourceTree = "<group>";
		};
		29B97323FDCFA39411CA2CEA /* Frameworks */ = {
			isa = PBXGroup;
			children = (
				1DF5F4DF0D08C38300B7A737 /* UIKit.framework */,
				1D30AB110D05D00D00671497 /* Foundation.framework */,
				2892E40F0DC94CBA00A64D0F /* CoreGraphics.framework */,
				E5345BF01198D81A000CB77F /* AudioToolbox.framework */,
			);
			name = Frameworks;
			sourceTree = "<group>";
		};
		E5345BC71198D714000CB77F /* ZXingWidget */ = {
			isa = PBXGroup;
			children = (
				E5345BCA1198D7E2000CB77F /* AddContactAction.h */,
				E5345BCB1198D7E2000CB77F /* BookmarkDoCoMoResultParser.h */,
				E5345BCC1198D7E2000CB77F /* BusinessCardParsedResult.h */,
				E5345BCD1198D7E2000CB77F /* CallAction.h */,
				E5345BCE1198D7E2000CB77F /* Decoder.h */,
				E5345BCF1198D7E2000CB77F /* DecoderDelegate.h */,
				E5345BD01198D7E2000CB77F /* DoCoMoResultParser.h */,
				E5345BD11198D7E2000CB77F /* EmailAction.h */,
				E5345BD21198D7E2000CB77F /* EmailDoCoMoResultParser.h */,
				E5345BD31198D7E2000CB77F /* EmailParsedResult.h */,
				E5345BD41198D7E2000CB77F /* FormatReader.h */,
				E5345BD51198D7E2000CB77F /* GeoParsedResult.h */,
				E5345BD61198D7E2000CB77F /* GeoResultParser.h */,
				E5345BD71198D7E2000CB77F /* GrayBytesMonochromeBitmapSource.h */,
				E5345BD81198D7E2000CB77F /* MeCardParser.h */,
				E5345BD91198D7E2000CB77F /* NSString+HTML.h */,
				E5345BDA1198D7E2000CB77F /* OpenUrlAction.h */,
				E5345BDB1198D7E2000CB77F /* OverlayView.h */,
				E5345BDC1198D7E2000CB77F /* ParsedResult.h */,
				E5345BDD1198D7E2000CB77F /* PlainEmailResultParser.h */,
				E5345BDE1198D7E2000CB77F /* ResultAction.h */,
				E5345BDF1198D7E2000CB77F /* ResultParser.h */,
				E5345BE01198D7E2000CB77F /* ShowMapAction.h */,
				E5345BE11198D7E2000CB77F /* SMSAction.h */,
				E5345BE21198D7E2000CB77F /* SMSParsedResult.h */,
				E5345BE31198D7E2000CB77F /* SMSResultParser.h */,
				E5345BE41198D7E2000CB77F /* SMSTOResultParser.h */,
				E5345BE51198D7E2000CB77F /* TelParsedResult.h */,
				E5345BE61198D7E2000CB77F /* TelResultParser.h */,
				E5345BE71198D7E2000CB77F /* TextParsedResult.h */,
				E5345BE81198D7E2000CB77F /* TextResultParser.h */,
				E5345BE91198D7E2000CB77F /* TwoDDecoderResult.h */,
				E5345BEA1198D7E2000CB77F /* URIParsedResult.h */,
				E5345BEB1198D7E2000CB77F /* URLResultParser.h */,
				E5345BEC1198D7E2000CB77F /* URLTOResultParser.h */,
				E5345BED1198D7E2000CB77F /* ZXingWidgetController.h */,
				E5345BC81198D74D000CB77F /* libZXingWidget.a */,
			);
			name = ZXingWidget;
			sourceTree = "<group>";
		};
/* End PBXGroup section */

/* Begin PBXNativeTarget section */
		1D6058900D05DD3D006BFB54 /* ScanTest */ = {
			isa = PBXNativeTarget;
			buildConfigurationList = 1D6058960D05DD3E006BFB54 /* Build configuration list for PBXNativeTarget "ScanTest" */;
			buildPhases = (
				1D60588D0D05DD3D006BFB54 /* Resources */,
				1D60588E0D05DD3D006BFB54 /* Sources */,
				1D60588F0D05DD3D006BFB54 /* Frameworks */,
			);
			buildRules = (
			);
			dependencies = (
			);
			name = ScanTest;
			productName = ScanTest;
			productReference = 1D6058910D05DD3D006BFB54 /* ScanTest.app */;
			productType = "com.apple.product-type.application";
		};
/* End PBXNativeTarget section */

/* Begin PBXProject section */
		29B97313FDCFA39411CA2CEA /* Project object */ = {
			isa = PBXProject;
			buildConfigurationList = C01FCF4E08A954540054247B /* Build configuration list for PBXProject "ScanTest" */;
			compatibilityVersion = "Xcode 3.1";
			hasScannedForEncodings = 1;
			knownRegions = (
				English,
				Japanese,
				French,
				German,
				en,
			);
			mainGroup = 29B97314FDCFA39411CA2CEA /* CustomTemplate */;
			projectDirPath = "";
			projectRoot = "";
			targets = (
				1D6058900D05DD3D006BFB54 /* ScanTest */,
			);
		};
/* End PBXProject section */

/* Begin PBXResourcesBuildPhase section */
		1D60588D0D05DD3D006BFB54 /* Resources */ = {
			isa = PBXResourcesBuildPhase;
			buildActionMask = 2147483647;
			files = (
				28AD73600D9D9599002E5188 /* MainWindow.xib in Resources */,
				28F335F11007B36200424DE2 /* RootViewController.xib in Resources */,
				E548755C119C62B9001CC0F8 /* beep-beep.aiff in Resources */,
			);
			runOnlyForDeploymentPostprocessing = 0;
		};
/* End PBXResourcesBuildPhase section */

/* Begin PBXSourcesBuildPhase section */
		1D60588E0D05DD3D006BFB54 /* Sources */ = {
			isa = PBXSourcesBuildPhase;
			buildActionMask = 2147483647;
			files = (
				1D60589B0D05DD56006BFB54 /* main.mm in Sources */,
				1D3623260D0F684500981E51 /* ScanTestAppDelegate.m in Sources */,
				28C286E10D94DF7D0034E888 /* RootViewController.m in Sources */,
			);
			runOnlyForDeploymentPostprocessing = 0;
		};
/* End PBXSourcesBuildPhase section */

/* Begin XCBuildConfiguration section */
		1D6058940D05DD3E006BFB54 /* Debug */ = {
			isa = XCBuildConfiguration;
			buildSettings = {
				ALWAYS_SEARCH_USER_PATHS = NO;
				COPY_PHASE_STRIP = NO;
				DEAD_CODE_STRIPPING = NO;
				EXPORTED_SYMBOLS_FILE = ../ZXingWidget/exportList;
				GCC_DYNAMIC_NO_PIC = NO;
				GCC_OPTIMIZATION_LEVEL = 0;
				GCC_PRECOMPILE_PREFIX_HEADER = YES;
				GCC_PREFIX_HEADER = ScanTest_Prefix.pch;
				GCC_VERSION = 4.2;
				INFOPLIST_FILE = "ScanTest-Info.plist";
				LIBRARY_SEARCH_PATHS = (
					"$(inherited)",
					"\"$(SRCROOT)/../ZXingWidget/build/Debug-iphoneos\"",
				);
				OTHER_LDFLAGS = "";
				PRESERVE_DEAD_CODE_INITS_AND_TERMS = YES;
				PRODUCT_NAME = ScanTest;
				STANDARD_C_PLUS_PLUS_LIBRARY_TYPE = dynamic;
			};
			name = Debug;
		};
		1D6058950D05DD3E006BFB54 /* Release */ = {
			isa = XCBuildConfiguration;
			buildSettings = {
				ALWAYS_SEARCH_USER_PATHS = NO;
				COPY_PHASE_STRIP = YES;
				GCC_PRECOMPILE_PREFIX_HEADER = YES;
				GCC_PREFIX_HEADER = ScanTest_Prefix.pch;
				INFOPLIST_FILE = "ScanTest-Info.plist";
				LIBRARY_SEARCH_PATHS = (
					"$(inherited)",
					"\"$(SRCROOT)/../ZXingWidget/build/Debug-iphoneos\"",
				);
				PRODUCT_NAME = ScanTest;
				VALIDATE_PRODUCT = YES;
			};
			name = Release;
		};
		C01FCF4F08A954540054247B /* Debug */ = {
			isa = XCBuildConfiguration;
			buildSettings = {
				ARCHS = "$(ARCHS_STANDARD_32_BIT)";
				"CODE_SIGN_IDENTITY[sdk=iphoneos*]" = "iPhone Developer";
				GCC_C_LANGUAGE_STANDARD = c99;
				GCC_WARN_ABOUT_RETURN_TYPE = YES;
				GCC_WARN_UNUSED_VARIABLE = YES;
				PREBINDING = NO;
				SDKROOT = iphoneos3.1.3;
			};
			name = Debug;
		};
		C01FCF5008A954540054247B /* Release */ = {
			isa = XCBuildConfiguration;
			buildSettings = {
				ARCHS = "$(ARCHS_STANDARD_32_BIT)";
				"CODE_SIGN_IDENTITY[sdk=iphoneos*]" = "iPhone Developer";
				GCC_C_LANGUAGE_STANDARD = c99;
				GCC_WARN_ABOUT_RETURN_TYPE = YES;
				GCC_WARN_UNUSED_VARIABLE = YES;
				OTHER_CFLAGS = "-DNS_BLOCK_ASSERTIONS=1";
				PREBINDING = NO;
				SDKROOT = iphoneos3.1.3;
			};
			name = Release;
		};
/* End XCBuildConfiguration section */

/* Begin XCConfigurationList section */
		1D6058960D05DD3E006BFB54 /* Build configuration list for PBXNativeTarget "ScanTest" */ = {
			isa = XCConfigurationList;
			buildConfigurations = (
				1D6058940D05DD3E006BFB54 /* Debug */,
				1D6058950D05DD3E006BFB54 /* Release */,
			);
			defaultConfigurationIsVisible = 0;
			defaultConfigurationName = Release;
		};
		C01FCF4E08A954540054247B /* Build configuration list for PBXProject "ScanTest" */ = {
			isa = XCConfigurationList;
			buildConfigurations = (
				C01FCF4F08A954540054247B /* Debug */,
				C01FCF5008A954540054247B /* Release */,
			);
			defaultConfigurationIsVisible = 0;
			defaultConfigurationName = Release;
		};
/* End XCConfigurationList section */
	};
	rootObject = 29B97313FDCFA39411CA2CEA /* Project object */;
}
